
Microsoft Visual Studio Solution File, Format Version 12.00
# Visual Studio 15
VisualStudioVersion = 15.0.27428.2027
MinimumVisualStudioVersion = 10.0.40219.1
Project("{FAE04EC0-301F-11D3-BF4B-00C04F79EFBC}") = "FibonacciSequenceApp", "FibonacciSequenceApp\FibonacciSequenceApp.csproj", "{521EBBD7-44C5-4231-A4F9-2D1DB3762FA0}"
EndProject
Global
	GlobalSection(SolutionConfigurationPlatforms) = preSolution
		Debug|Any CPU = Debug|Any CPU
		Release|Any CPU = Release|Any CPU
	EndGlobalSection
	GlobalSection(ProjectConfigurationPlatforms) = postSolution
		{521EBBD7-44C5-4231-A4F9-2D1DB3762FA0}.Debug|Any CPU.ActiveCfg = Debug|Any CPU
		{521EBBD7-44C5-4231-A4F9-2D1DB3762FA0}.Debug|Any CPU.Build.0 = Debug|Any CPU
		{521EBBD7-44C5-4231-A4F9-2D1DB3762FA0}.Release|Any CPU.ActiveCfg = Release|Any CPU
		{521EBBD7-44C5-4231-A4F9-2D1DB3762FA0}.Release|Any CPU.Build.0 = Release|Any CPU
	EndGlobalSection
	GlobalSection(SolutionProperties) = preSolution
		HideSolutionNode = FALSE
	EndGlobalSection
	GlobalSection(ExtensibilityGlobals) = postSolution
		SolutionGuid = {ECBF4E89-FDD3-45CE-AC7F-A9F49814B265}
	EndGlobalSection
EndGlobal
